// !$*UTF8*$!
{
	archiveVersion = 1;
	classes = {
	};
	objectVersion = 50;
	objects = {

/* Begin PBXBuildFile section */
		BB1991A325D6E20B00A21A28 /* ViewController.swift in Sources */ = {isa = PBXBuildFile; fileRef = BB1991A225D6E20B00A21A28 /* ViewController.swift */; };
		BB1991A625D6E20B00A21A28 /* Main.storyboard in Resources */ = {isa = PBXBuildFile; fileRef = BB1991A425D6E20B00A21A28 /* Main.storyboard */; };
		BB1991A825D6E20D00A21A28 /* Assets.xcassets in Resources */ = {isa = PBXBuildFile; fileRef = BB1991A725D6E20D00A21A28 /* Assets.xcassets */; };
		BB1991AB25D6E20D00A21A28 /* LaunchScreen.storyboard in Resources */ = {isa = PBXBuildFile; fileRef = BB1991A925D6E20D00A21A28 /* LaunchScreen.storyboard */; };
		BB1991B625D6E20D00A21A28 /* concentrationTests.swift in Sources */ = {isa = PBXBuildFile; fileRef = BB1991B525D6E20D00A21A28 /* concentrationTests.swift */; };
		BB1991C125D6E20D00A21A28 /* concentrationUITests.swift in Sources */ = {isa = PBXBuildFile; fileRef = BB1991C025D6E20D00A21A28 /* concentrationUITests.swift */; };
		BB64C6FD25D8C65300458C9B /* AppDelegate.swift in Sources */ = {isa = PBXBuildFile; fileRef = BB1991A025D6E20B00A21A28 /* AppDelegate.swift */; };
		BB64C6FF25DAA5C100458C9B /* Concentration.swift in Sources */ = {isa = PBXBuildFile; fileRef = BB64C6FE25DAA5C100458C9B /* Concentration.swift */; };
		BB64C70125DAA71000458C9B /* Card.swift in Sources */ = {isa = PBXBuildFile; fileRef = BB64C70025DAA71000458C9B /* Card.swift */; };
/* End PBXBuildFile section */

/* Begin PBXContainerItemProxy section */
		BB1991B225D6E20D00A21A28 /* PBXContainerItemProxy */ = {
			isa = PBXContainerItemProxy;
			containerPortal = BB19919525D6E20B00A21A28 /* Project object */;
			proxyType = 1;
			remoteGlobalIDString = BB19919C25D6E20B00A21A28;
			remoteInfo = concentration;
		};
		BB1991BD25D6E20D00A21A28 /* PBXContainerItemProxy */ = {
			isa = PBXContainerItemProxy;
			containerPortal = BB19919525D6E20B00A21A28 /* Project object */;
			proxyType = 1;
			remoteGlobalIDString = BB19919C25D6E20B00A21A28;
			remoteInfo = concentration;
		};
/* End PBXContainerItemProxy section */

/* Begin PBXFileReference section */
		BB19919D25D6E20B00A21A28 /* concentration.app */ = {isa = PBXFileReference; explicitFileType = wrapper.application; includeInIndex = 0; path = concentration.app; sourceTree = BUILT_PRODUCTS_DIR; };
		BB1991A025D6E20B00A21A28 /* AppDelegate.swift */ = {isa = PBXFileReference; lastKnownFileType = sourcecode.swift; path = AppDelegate.swift; sourceTree = "<group>"; };
		BB1991A225D6E20B00A21A28 /* ViewController.swift */ = {isa = PBXFileReference; lastKnownFileType = sourcecode.swift; path = ViewController.swift; sourceTree = "<group>"; };
		BB1991A525D6E20B00A21A28 /* Base */ = {isa = PBXFileReference; lastKnownFileType = file.storyboard; name = Base; path = Base.lproj/Main.storyboard; sourceTree = "<group>"; };
		BB1991A725D6E20D00A21A28 /* Assets.xcassets */ = {isa = PBXFileReference; lastKnownFileType = folder.assetcatalog; path = Assets.xcassets; sourceTree = "<group>"; };
		BB1991AA25D6E20D00A21A28 /* Base */ = {isa = PBXFileReference; lastKnownFileType = file.storyboard; name = Base; path = Base.lproj/LaunchScreen.storyboard; sourceTree = "<group>"; };
		BB1991AC25D6E20D00A21A28 /* Info.plist */ = {isa = PBXFileReference; lastKnownFileType = text.plist.xml; path = Info.plist; sourceTree = "<group>"; };
		BB1991B125D6E20D00A21A28 /* concentrationTests.xctest */ = {isa = PBXFileReference; explicitFileType = wrapper.cfbundle; includeInIndex = 0; path = concentrationTests.xctest; sourceTree = BUILT_PRODUCTS_DIR; };
		BB1991B525D6E20D00A21A28 /* concentrationTests.swift */ = {isa = PBXFileReference; lastKnownFileType = sourcecode.swift; path = concentrationTests.swift; sourceTree = "<group>"; };
		BB1991B725D6E20D00A21A28 /* Info.plist */ = {isa = PBXFileReference; lastKnownFileType = text.plist.xml; path = Info.plist; sourceTree = "<group>"; };
		BB1991BC25D6E20D00A21A28 /* concentrationUITests.xctest */ = {isa = PBXFileReference; explicitFileType = wrapper.cfbundle; includeInIndex = 0; path = concentrationUITests.xctest; sourceTree = BUILT_PRODUCTS_DIR; };
		BB1991C025D6E20D00A21A28 /* concentrationUITests.swift */ = {isa = PBXFileReference; lastKnownFileType = sourcecode.swift; path = concentrationUITests.swift; sourceTree = "<group>"; };
		BB1991C225D6E20D00A21A28 /* Info.plist */ = {isa = PBXFileReference; lastKnownFileType = text.plist.xml; path = Info.plist; sourceTree = "<group>"; };
		BB64C6FE25DAA5C100458C9B /* Concentration.swift */ = {isa = PBXFileReference; lastKnownFileType = sourcecode.swift; path = Concentration.swift; sourceTree = "<group>"; };
		BB64C70025DAA71000458C9B /* Card.swift */ = {isa = PBXFileReference; lastKnownFileType = sourcecode.swift; path = Card.swift; sourceTree = "<group>"; };
/* End PBXFileReference section */

/* Begin PBXFrameworksBuildPhase section */
		BB19919A25D6E20B00A21A28 /* Frameworks */ = {
			isa = PBXFrameworksBuildPhase;
			buildActionMask = 2147483647;
			files = (
			);
			runOnlyForDeploymentPostprocessing = 0;
		};
		BB1991AE25D6E20D00A21A28 /* Frameworks */ = {
			isa = PBXFrameworksBuildPhase;
			buildActionMask = 2147483647;
			files = (
			);
			runOnlyForDeploymentPostprocessing = 0;
		};
		BB1991B925D6E20D00A21A28 /* Frameworks */ = {
			isa = PBXFrameworksBuildPhase;
			buildActionMask = 2147483647;
			files = (
			);
			runOnlyForDeploymentPostprocessing = 0;
		};
/* End PBXFrameworksBuildPhase section */

/* Begin PBXGroup section */
		BB19919425D6E20B00A21A28 = {
			isa = PBXGroup;
			children = (
				BB64C70025DAA71000458C9B /* Card.swift */,
				BB64C6FE25DAA5C100458C9B /* Concentration.swift */,
				BB19919F25D6E20B00A21A28 /* concentration */,
				BB1991B425D6E20D00A21A28 /* concentrationTests */,
				BB1991BF25D6E20D00A21A28 /* concentrationUITests */,
				BB19919E25D6E20B00A21A28 /* Products */,
			);
			sourceTree = "<group>";
		};
		BB19919E25D6E20B00A21A28 /* Products */ = {
			isa = PBXGroup;
			children = (
				BB19919D25D6E20B00A21A28 /* concentration.app */,
				BB1991B125D6E20D00A21A28 /* concentrationTests.xctest */,
				BB1991BC25D6E20D00A21A28 /* concentrationUITests.xctest */,
			);
			name = Products;
			sourceTree = "<group>";
		};
		BB19919F25D6E20B00A21A28 /* concentration */ = {
			isa = PBXGroup;
			children = (
				BB1991A025D6E20B00A21A28 /* AppDelegate.swift */,
				BB1991A725D6E20D00A21A28 /* Assets.xcassets */,
				BB1991A925D6E20D00A21A28 /* LaunchScreen.storyboard */,
				BB1991A225D6E20B00A21A28 /* ViewController.swift */,
				BB1991A425D6E20B00A21A28 /* Main.storyboard */,
				BB1991AC25D6E20D00A21A28 /* Info.plist */,
			);
			path = concentration;
			sourceTree = "<group>";
		};
		BB1991B425D6E20D00A21A28 /* concentrationTests */ = {
			isa = PBXGroup;
			children = (
				BB1991B525D6E20D00A21A28 /* concentrationTests.swift */,
				BB1991B725D6E20D00A21A28 /* Info.plist */,
			);
			path = concentrationTests;
			sourceTree = "<group>";
		};
		BB1991BF25D6E20D00A21A28 /* concentrationUITests */ = {
			isa = PBXGroup;
			children = (
				BB1991C025D6E20D00A21A28 /* concentrationUITests.swift */,
				BB1991C225D6E20D00A21A28 /* Info.plist */,
			);
			path = concentrationUITests;
			sourceTree = "<group>";
		};
/* End PBXGroup section */

/* Begin PBXNativeTarget section */
		BB19919C25D6E20B00A21A28 /* concentration */ = {
			isa = PBXNativeTarget;
			buildConfigurationList = BB1991C525D6E20D00A21A28 /* Build configuration list for PBXNativeTarget "concentration" */;
			buildPhases = (
				BB19919925D6E20B00A21A28 /* Sources */,
				BB19919A25D6E20B00A21A28 /* Frameworks */,
				BB19919B25D6E20B00A21A28 /* Resources */,
			);
			buildRules = (
			);
			dependencies = (
			);
			name = concentration;
			productName = concentration;
			productReference = BB19919D25D6E20B00A21A28 /* concentration.app */;
			productType = "com.apple.product-type.application";
		};
		BB1991B025D6E20D00A21A28 /* concentrationTests */ = {
			isa = PBXNativeTarget;
			buildConfigurationList = BB1991C825D6E20D00A21A28 /* Build configuration list for PBXNativeTarget "concentrationTests" */;
			buildPhases = (
				BB1991AD25D6E20D00A21A28 /* Sources */,
				BB1991AE25D6E20D00A21A28 /* Frameworks */,
				BB1991AF25D6E20D00A21A28 /* Resources */,
			);
			buildRules = (
			);
			dependencies = (
				BB1991B325D6E20D00A21A28 /* PBXTargetDependency */,
			);
			name = concentrationTests;
			productName = concentrationTests;
			productReference = BB1991B125D6E20D00A21A28 /* concentrationTests.xctest */;
			productType = "com.apple.product-type.bundle.unit-test";
		};
		BB1991BB25D6E20D00A21A28 /* concentrationUITests */ = {
			isa = PBXNativeTarget;
			buildConfigurationList = BB1991CB25D6E20D00A21A28 /* Build configuration list for PBXNativeTarget "concentrationUITests" */;
			buildPhases = (
				BB1991B825D6E20D00A21A28 /* Sources */,
				BB1991B925D6E20D00A21A28 /* Frameworks */,
				BB1991BA25D6E20D00A21A28 /* Resources */,
			);
			buildRules = (
			);
			dependencies = (
				BB1991BE25D6E20D00A21A28 /* PBXTargetDependency */,
			);
			name = concentrationUITests;
			productName = concentrationUITests;
			productReference = BB1991BC25D6E20D00A21A28 /* concentrationUITests.xctest */;
			productType = "com.apple.product-type.bundle.ui-testing";
		};
/* End PBXNativeTarget section */

/* Begin PBXProject section */
		BB19919525D6E20B00A21A28 /* Project object */ = {
			isa = PBXProject;
			attributes = {
				LastSwiftUpdateCheck = 0940;
				LastUpgradeCheck = 0940;
				ORGANIZATIONNAME = Azure;
				TargetAttributes = {
					BB19919C25D6E20B00A21A28 = {
						CreatedOnToolsVersion = 9.4;
					};
					BB1991B025D6E20D00A21A28 = {
						CreatedOnToolsVersion = 9.4;
						TestTargetID = BB19919C25D6E20B00A21A28;
					};
					BB1991BB25D6E20D00A21A28 = {
						CreatedOnToolsVersion = 9.4;
						TestTargetID = BB19919C25D6E20B00A21A28;
					};
				};
			};
			buildConfigurationList = BB19919825D6E20B00A21A28 /* Build configuration list for PBXProject "concentration" */;
			compatibilityVersion = "Xcode 9.3";
			developmentRegion = en;
			hasScannedForEncodings = 0;
			knownRegions = (
				en,
				Base,
			);
			mainGroup = BB19919425D6E20B00A21A28;
			productRefGroup = BB19919E25D6E20B00A21A28 /* Products */;
			projectDirPath = "";
			projectRoot = "";
			targets = (
				BB19919C25D6E20B00A21A28 /* concentration */,
				BB1991B025D6E20D00A21A28 /* concentrationTests */,
				BB1991BB25D6E20D00A21A28 /* concentrationUITests */,
			);
		};
/* End PBXProject section */

/* Begin PBXResourcesBuildPhase section */
		BB19919B25D6E20B00A21A28 /* Resources */ = {
			isa = PBXResourcesBuildPhase;
			buildActionMask = 2147483647;
			files = (
				BB1991AB25D6E20D00A21A28 /* LaunchScreen.storyboard in Resources */,
				BB1991A825D6E20D00A21A28 /* Assets.xcassets in Resources */,
				BB1991A625D6E20B00A21A28 /* Main.storyboard in Resources */,
			);
			runOnlyForDeploymentPostprocessing = 0;
		};
		BB1991AF25D6E20D00A21A28 /* Resources */ = {
			isa = PBXResourcesBuildPhase;
			buildActionMask = 2147483647;
			files = (
			);
			runOnlyForDeploymentPostprocessing = 0;
		};
		BB1991BA25D6E20D00A21A28 /* Resources */ = {
			isa = PBXResourcesBuildPhase;
			buildActionMask = 2147483647;
			files = (
			);
			runOnlyForDeploymentPostprocessing = 0;
		};
/* End PBXResourcesBuildPhase section */

/* Begin PBXSourcesBuildPhase section */
		BB19919925D6E20B00A21A28 /* Sources */ = {
			isa = PBXSourcesBuildPhase;
			buildActionMask = 2147483647;
			files = (
				BB64C6FD25D8C65300458C9B /* AppDelegate.swift in Sources */,
				BB64C70125DAA71000458C9B /* Card.swift in Sources */,
				BB1991A325D6E20B00A21A28 /* ViewController.swift in Sources */,
				BB64C6FF25DAA5C100458C9B /* Concentration.swift in Sources */,
			);
			runOnlyForDeploymentPostprocessing = 0;
		};
		BB1991AD25D6E20D00A21A28 /* Sources */ = {
			isa = PBXSourcesBuildPhase;
			buildActionMask = 2147483647;
			files = (
				BB1991B625D6E20D00A21A28 /* concentrationTests.swift in Sources */,
			);
			runOnlyForDeploymentPostprocessing = 0;
		};
		BB1991B825D6E20D00A21A28 /* Sources */ = {
			isa = PBXSourcesBuildPhase;
			buildActionMask = 2147483647;
			files = (
				BB1991C125D6E20D00A21A28 /* concentrationUITests.swift in Sources */,
			);
			runOnlyForDeploymentPostprocessing = 0;
		};
/* End PBXSourcesBuildPhase section */

/* Begin PBXTargetDependency section */
		BB1991B325D6E20D00A21A28 /* PBXTargetDependency */ = {
			isa = PBXTargetDependency;
			target = BB19919C25D6E20B00A21A28 /* concentration */;
			targetProxy = BB1991B225D6E20D00A21A28 /* PBXContainerItemProxy */;
		};
		BB1991BE25D6E20D00A21A28 /* PBXTargetDependency */ = {
			isa = PBXTargetDependency;
			target = BB19919C25D6E20B00A21A28 /* concentration */;
			targetProxy = BB1991BD25D6E20D00A21A28 /* PBXContainerItemProxy */;
		};
/* End PBXTargetDependency section */

/* Begin PBXVariantGroup section */
		BB1991A425D6E20B00A21A28 /* Main.storyboard */ = {
			isa = PBXVariantGroup;
			children = (
				BB1991A525D6E20B00A21A28 /* Base */,
			);
			name = Main.storyboard;
			sourceTree = "<group>";
		};
		BB1991A925D6E20D00A21A28 /* LaunchScreen.storyboard */ = {
			isa = PBXVariantGroup;
			children = (
				BB1991AA25D6E20D00A21A28 /* Base */,
			);
			name = LaunchScreen.storyboard;
			sourceTree = "<group>";
		};
/* End PBXVariantGroup section */

/* Begin XCBuildConfiguration section */
		BB1991C325D6E20D00A21A28 /* Debug */ = {
			isa = XCBuildConfiguration;
			buildSettings = {
				ALWAYS_SEARCH_USER_PATHS = NO;
				CLANG_ANALYZER_NONNULL = YES;
				CLANG_ANALYZER_NUMBER_OBJECT_CONVERSION = YES_AGGRESSIVE;
				CLANG_CXX_LANGUAGE_STANDARD = "gnu++14";
				CLANG_CXX_LIBRARY = "libc++";
				CLANG_ENABLE_MODULES = YES;
				CLANG_ENABLE_OBJC_ARC = YES;
				CLANG_ENABLE_OBJC_WEAK = YES;
				CLANG_WARN_BLOCK_CAPTURE_AUTORELEASING = YES;
				CLANG_WARN_BOOL_CONVERSION = YES;
				CLANG_WARN_COMMA = YES;
				CLANG_WARN_CONSTANT_CONVERSION = YES;
				CLANG_WARN_DEPRECATED_OBJC_IMPLEMENTATIONS = YES;
				CLANG_WARN_DIRECT_OBJC_ISA_USAGE = YES_ERROR;
				CLANG_WARN_DOCUMENTATION_COMMENTS = YES;
				CLANG_WARN_EMPTY_BODY = YES;
				CLANG_WARN_ENUM_CONVERSION = YES;
				CLANG_WARN_INFINITE_RECURSION = YES;
				CLANG_WARN_INT_CONVERSION = YES;
				CLANG_WARN_NON_LITERAL_NULL_CONVERSION = YES;
				CLANG_WARN_OBJC_IMPLICIT_RETAIN_SELF = YES;
				CLANG_WARN_OBJC_LITERAL_CONVERSION = YES;
				CLANG_WARN_OBJC_ROOT_CLASS = YES_ERROR;
				CLANG_WARN_RANGE_LOOP_ANALYSIS = YES;
				CLANG_WARN_STRICT_PROTOTYPES = YES;
				CLANG_WARN_SUSPICIOUS_MOVE = YES;
				CLANG_WARN_UNGUARDED_AVAILABILITY = YES_AGGRESSIVE;
				CLANG_WARN_UNREACHABLE_CODE = YES;
				CLANG_WARN__DUPLICATE_METHOD_MATCH = YES;
				CODE_SIGN_IDENTITY = "iPhone Developer";
				COPY_PHASE_STRIP = NO;
				DEBUG_INFORMATION_FORMAT = dwarf;
				ENABLE_STRICT_OBJC_MSGSEND = YES;
				ENABLE_TESTABILITY = YES;
				GCC_C_LANGUAGE_STANDARD = gnu11;
				GCC_DYNAMIC_NO_PIC = NO;
				GCC_NO_COMMON_BLOCKS = YES;
				GCC_OPTIMIZATION_LEVEL = 0;
				GCC_PREPROCESSOR_DEFINITIONS = (
					"DEBUG=1",
					"$(inherited)",
				);
				GCC_WARN_64_TO_32_BIT_CONVERSION = YES;
				GCC_WARN_ABOUT_RETURN_TYPE = YES_ERROR;
				GCC_WARN_UNDECLARED_SELECTOR = YES;
				GCC_WARN_UNINITIALIZED_AUTOS = YES_AGGRESSIVE;
				GCC_WARN_UNUSED_FUNCTION = YES;
				GCC_WARN_UNUSED_VARIABLE = YES;
				IPHONEOS_DEPLOYMENT_TARGET = 11.4;
				MTL_ENABLE_DEBUG_INFO = YES;
				ONLY_ACTIVE_ARCH = YES;
				SDKROOT = iphoneos;
				SWIFT_ACTIVE_COMPILATION_CONDITIONS = DEBUG;
				SWIFT_OPTIMIZATION_LEVEL = "-Onone";
			};
			name = Debug;
		};
		BB1991C425D6E20D00A21A28 /* Release */ = {
			isa = XCBuildConfiguration;
			buildSettings = {
				ALWAYS_SEARCH_USER_PATHS = NO;
				CLANG_ANALYZER_NONNULL = YES;
				CLANG_ANALYZER_NUMBER_OBJECT_CONVERSION = YES_AGGRESSIVE;
				CLANG_CXX_LANGUAGE_STANDARD = "gnu++14";
				CLANG_CXX_LIBRARY = "libc++";
				CLANG_ENABLE_MODULES = YES;
				CLANG_ENABLE_OBJC_ARC = YES;
				CLANG_ENABLE_OBJC_WEAK = YES;
				CLANG_WARN_BLOCK_CAPTURE_AUTORELEASING = YES;
				CLANG_WARN_BOOL_CONVERSION = YES;
				CLANG_WARN_COMMA = YES;
				CLANG_WARN_CONSTANT_CONVERSION = YES;
				CLANG_WARN_DEPRECATED_OBJC_IMPLEMENTATIONS = YES;
				CLANG_WARN_DIRECT_OBJC_ISA_USAGE = YES_ERROR;
				CLANG_WARN_DOCUMENTATION_COMMENTS = YES;
				CLANG_WARN_EMPTY_BODY = YES;
				CLANG_WARN_ENUM_CONVERSION = YES;
				CLANG_WARN_INFINITE_RECURSION = YES;
				CLANG_WARN_INT_CONVERSION = YES;
				CLANG_WARN_NON_LITERAL_NULL_CONVERSION = YES;
				CLANG_WARN_OBJC_IMPLICIT_RETAIN_SELF = YES;
				CLANG_WARN_OBJC_LITERAL_CONVERSION = YES;
				CLANG_WARN_OBJC_ROOT_CLASS = YES_ERROR;
				CLANG_WARN_RANGE_LOOP_ANALYSIS = YES;
				CLANG_WARN_STRICT_PROTOTYPES = YES;
				CLANG_WARN_SUSPICIOUS_MOVE = YES;
				CLANG_WARN_UNGUARDED_AVAILABILITY = YES_AGGRESSIVE;
				CLANG_WARN_UNREACHABLE_CODE = YES;
				CLANG_WARN__DUPLICATE_METHOD_MATCH = YES;
				CODE_SIGN_IDENTITY = "iPhone Developer";
				COPY_PHASE_STRIP = NO;
				DEBUG_INFORMATION_FORMAT = "dwarf-with-dsym";
				ENABLE_NS_ASSERTIONS = NO;
				ENABLE_STRICT_OBJC_MSGSEND = YES;
				GCC_C_LANGUAGE_STANDARD = gnu11;
				GCC_NO_COMMON_BLOCKS = YES;
				GCC_WARN_64_TO_32_BIT_CONVERSION = YES;
				GCC_WARN_ABOUT_RETURN_TYPE = YES_ERROR;
				GCC_WARN_UNDECLARED_SELECTOR = YES;
				GCC_WARN_UNINITIALIZED_AUTOS = YES_AGGRESSIVE;
				GCC_WARN_UNUSED_FUNCTION = YES;
				GCC_WARN_UNUSED_VARIABLE = YES;
				IPHONEOS_DEPLOYMENT_TARGET = 11.4;
				MTL_ENABLE_DEBUG_INFO = NO;
				SDKROOT = iphoneos;
				SWIFT_COMPILATION_MODE = wholemodule;
				SWIFT_OPTIMIZATION_LEVEL = "-O";
				VALIDATE_PRODUCT = YES;
			};
			name = Release;
		};
		BB1991C625D6E20D00A21A28 /* Debug */ = {
			isa = XCBuildConfiguration;
			buildSettings = {
				ASSETCATALOG_COMPILER_APPICON_NAME = AppIcon;
				CODE_SIGN_STYLE = Automatic;
				INFOPLIST_FILE = concentration/Info.plist;
				LD_RUNPATH_SEARCH_PATHS = (
					"$(inherited)",
					"@executable_path/Frameworks",
				);
				PRODUCT_BUNDLE_IDENTIFIER = "--.concentration";
				PRODUCT_NAME = "$(TARGET_NAME)";
				SWIFT_VERSION = 4.0;
				TARGETED_DEVICE_FAMILY = "1,2";
			};
			name = Debug;
		};
		BB1991C725D6E20D00A21A28 /* Release */ = {
			isa = XCBuildConfiguration;
			buildSettings = {
				ASSETCATALOG_COMPILER_APPICON_NAME = AppIcon;
				CODE_SIGN_STYLE = Automatic;
				INFOPLIST_FILE = concentration/Info.plist;
				LD_RUNPATH_SEARCH_PATHS = (
					"$(inherited)",
					"@executable_path/Frameworks",
				);
				PRODUCT_BUNDLE_IDENTIFIER = "--.concentration";
				PRODUCT_NAME = "$(TARGET_NAME)";
				SWIFT_VERSION = 4.0;
				TARGETED_DEVICE_FAMILY = "1,2";
			};
			name = Release;
		};
		BB1991C925D6E20D00A21A28 /* Debug */ = {
			isa = XCBuildConfiguration;
			buildSettings = {
				ALWAYS_EMBED_SWIFT_STANDARD_LIBRARIES = YES;
				BUNDLE_LOADER = "$(TEST_HOST)";
				CODE_SIGN_STYLE = Automatic;
				INFOPLIST_FILE = concentrationTests/Info.plist;
				LD_RUNPATH_SEARCH_PATHS = (
					"$(inherited)",
					"@executable_path/Frameworks",
					"@loader_path/Frameworks",
				);
				PRODUCT_BUNDLE_IDENTIFIER = "--.concentrationTests";
				PRODUCT_NAME = "$(TARGET_NAME)";
				SWIFT_VERSION = 4.0;
				TARGETED_DEVICE_FAMILY = "1,2";
				TEST_HOST = "$(BUILT_PRODUCTS_DIR)/concentration.app/concentration";
			};
			name = Debug;
		};
		BB1991CA25D6E20D00A21A28 /* Release */ = {
			isa = XCBuildConfiguration;
			buildSettings = {
				ALWAYS_EMBED_SWIFT_STANDARD_LIBRARIES = YES;
				BUNDLE_LOADER = "$(TEST_HOST)";
				CODE_SIGN_STYLE = Automatic;
				INFOPLIST_FILE = concentrationTests/Info.plist;
				LD_RUNPATH_SEARCH_PATHS = (
					"$(inherited)",
					"@executable_path/Frameworks",
					"@loader_path/Frameworks",
				);
				PRODUCT_BUNDLE_IDENTIFIER = "--.concentrationTests";
				PRODUCT_NAME = "$(TARGET_NAME)";
				SWIFT_VERSION = 4.0;
				TARGETED_DEVICE_FAMILY = "1,2";
				TEST_HOST = "$(BUILT_PRODUCTS_DIR)/concentration.app/concentration";
			};
			name = Release;
		};
		BB1991CC25D6E20D00A21A28 /* Debug */ = {
			isa = XCBuildConfiguration;
			buildSettings = {
				ALWAYS_EMBED_SWIFT_STANDARD_LIBRARIES = YES;
				CODE_SIGN_STYLE = Automatic;
				INFOPLIST_FILE = concentrationUITests/Info.plist;
				LD_RUNPATH_SEARCH_PATHS = (
					"$(inherited)",
					"@executable_path/Frameworks",
					"@loader_path/Frameworks",
				);
				PRODUCT_BUNDLE_IDENTIFIER = "--.concentrationUITests";
				PRODUCT_NAME = "$(TARGET_NAME)";
				SWIFT_VERSION = 4.0;
				TARGETED_DEVICE_FAMILY = "1,2";
				TEST_TARGET_NAME = concentration;
			};
			name = Debug;
		};
		BB1991CD25D6E20D00A21A28 /* Release */ = {
			isa = XCBuildConfiguration;
			buildSettings = {
				ALWAYS_EMBED_SWIFT_STANDARD_LIBRARIES = YES;
				CODE_SIGN_STYLE = Automatic;
				INFOPLIST_FILE = concentrationUITests/Info.plist;
				LD_RUNPATH_SEARCH_PATHS = (
					"$(inherited)",
					"@executable_path/Frameworks",
					"@loader_path/Frameworks",
				);
				PRODUCT_BUNDLE_IDENTIFIER = "--.concentrationUITests";
				PRODUCT_NAME = "$(TARGET_NAME)";
				SWIFT_VERSION = 4.0;
				TARGETED_DEVICE_FAMILY = "1,2";
				TEST_TARGET_NAME = concentration;
			};
			name = Release;
		};
/* End XCBuildConfiguration section */

/* Begin XCConfigurationList section */
		BB19919825D6E20B00A21A28 /* Build configuration list for PBXProject "concentration" */ = {
			isa = XCConfigurationList;
			buildConfigurations = (
				BB1991C325D6E20D00A21A28 /* Debug */,
				BB1991C425D6E20D00A21A28 /* Release */,
			);
			defaultConfigurationIsVisible = 0;
			defaultConfigurationName = Release;
		};
		BB1991C525D6E20D00A21A28 /* Build configuration list for PBXNativeTarget "concentration" */ = {
			isa = XCConfigurationList;
			buildConfigurations = (
				BB1991C625D6E20D00A21A28 /* Debug */,
				BB1991C725D6E20D00A21A28 /* Release */,
			);
			defaultConfigurationIsVisible = 0;
			defaultConfigurationName = Release;
		};
		BB1991C825D6E20D00A21A28 /* Build configuration list for PBXNativeTarget "concentrationTests" */ = {
			isa = XCConfigurationList;
			buildConfigurations = (
				BB1991C925D6E20D00A21A28 /* Debug */,
				BB1991CA25D6E20D00A21A28 /* Release */,
			);
			defaultConfigurationIsVisible = 0;
			defaultConfigurationName = Release;
		};
		BB1991CB25D6E20D00A21A28 /* Build configuration list for PBXNativeTarget "concentrationUITests" */ = {
			isa = XCConfigurationList;
			buildConfigurations = (
				BB1991CC25D6E20D00A21A28 /* Debug */,
				BB1991CD25D6E20D00A21A28 /* Release */,
			);
			defaultConfigurationIsVisible = 0;
			defaultConfigurationName = Release;
		};
/* End XCConfigurationList section */
	};
	rootObject = BB19919525D6E20B00A21A28 /* Project object */;
}
